
Microsoft Visual Studio Solution File, Format Version 12.00
# Visual Studio Version 17
VisualStudioVersion = 17.2.32630.192
MinimumVisualStudioVersion = 10.0.40219.1
Project("{FAE04EC0-301F-11D3-BF4B-00C04F79EFBC}") = "Library", "Library\Library.csproj", "{440C46DB-12C4-4151-944D-A922AFD12BC0}"
EndProject
Project("{FAE04EC0-301F-11D3-BF4B-00C04F79EFBC}") = "Unit-tests", "UnitTest\Unit-tests.csproj", "{E0CFDD7F-56DD-45E9-A028-66B922214054}"
EndProject
Global
	GlobalSection(SolutionConfigurationPlatforms) = preSolution
		Debug|Any CPU = Debug|Any CPU
		Release|Any CPU = Release|Any CPU
	EndGlobalSection
	GlobalSection(ProjectConfigurationPlatforms) = postSolution
		{440C46DB-12C4-4151-944D-A922AFD12BC0}.Debug|Any CPU.ActiveCfg = Debug|Any CPU
		{440C46DB-12C4-4151-944D-A922AFD12BC0}.Debug|Any CPU.Build.0 = Debug|Any CPU
		{440C46DB-12C4-4151-944D-A922AFD12BC0}.Release|Any CPU.ActiveCfg = Release|Any CPU
		{440C46DB-12C4-4151-944D-A922AFD12BC0}.Release|Any CPU.Build.0 = Release|Any CPU
		{E0CFDD7F-56DD-45E9-A028-66B922214054}.Debug|Any CPU.ActiveCfg = Debug|Any CPU
		{E0CFDD7F-56DD-45E9-A028-66B922214054}.Debug|Any CPU.Build.0 = Debug|Any CPU
		{E0CFDD7F-56DD-45E9-A028-66B922214054}.Release|Any CPU.ActiveCfg = Release|Any CPU
		{E0CFDD7F-56DD-45E9-A028-66B922214054}.Release|Any CPU.Build.0 = Release|Any CPU
	EndGlobalSection
	GlobalSection(SolutionProperties) = preSolution
		HideSolutionNode = FALSE
	EndGlobalSection
	GlobalSection(ExtensibilityGlobals) = postSolution
		SolutionGuid = {7A0D8D0A-07A2-4C29-B94F-27CF419722AE}
	EndGlobalSection
EndGlobal
